// !$*UTF8*$!
{
	archiveVersion = 1;
	classes = {
	};
	objectVersion = 50;
	objects = {

/* Begin PBXBuildFile section */
		C41BDDF924FE8F99009D3437 /* Settings.swift in Sources */ = {isa = PBXBuildFile; fileRef = C41BDDF824FE8F99009D3437 /* Settings.swift */; };
		C463081F2530EDC700B233AA /* meeting.png in Resources */ = {isa = PBXBuildFile; fileRef = C463081E2530EDC700B233AA /* meeting.png */; };
		C4B3DCC024F68DC20073DC83 /* AppDelegate.swift in Sources */ = {isa = PBXBuildFile; fileRef = C4B3DCBF24F68DC20073DC83 /* AppDelegate.swift */; };
		C4B3DCC224F68DC20073DC83 /* ContentView.swift in Sources */ = {isa = PBXBuildFile; fileRef = C4B3DCC124F68DC20073DC83 /* ContentView.swift */; };
		C4B3DCC424F68DC50073DC83 /* Assets.xcassets in Resources */ = {isa = PBXBuildFile; fileRef = C4B3DCC324F68DC50073DC83 /* Assets.xcassets */; };
		C4B3DCC724F68DC50073DC83 /* Preview Assets.xcassets in Resources */ = {isa = PBXBuildFile; fileRef = C4B3DCC624F68DC50073DC83 /* Preview Assets.xcassets */; };
		C4B3DCCA24F68DC50073DC83 /* Main.storyboard in Resources */ = {isa = PBXBuildFile; fileRef = C4B3DCC824F68DC50073DC83 /* Main.storyboard */; };
		C4CB7EA424FFE3E200C86FC1 /* AppDelegate.swift in Sources */ = {isa = PBXBuildFile; fileRef = C4CB7EA324FFE3E200C86FC1 /* AppDelegate.swift */; };
		C4CB7EA624FFE3E200C86FC1 /* SceneDelegate.swift in Sources */ = {isa = PBXBuildFile; fileRef = C4CB7EA524FFE3E200C86FC1 /* SceneDelegate.swift */; };
		C4CB7EA824FFE3E200C86FC1 /* ContentView.swift in Sources */ = {isa = PBXBuildFile; fileRef = C4CB7EA724FFE3E200C86FC1 /* ContentView.swift */; };
		C4CB7EAA24FFE3E500C86FC1 /* Assets.xcassets in Resources */ = {isa = PBXBuildFile; fileRef = C4CB7EA924FFE3E500C86FC1 /* Assets.xcassets */; };
		C4CB7EAD24FFE3E500C86FC1 /* Preview Assets.xcassets in Resources */ = {isa = PBXBuildFile; fileRef = C4CB7EAC24FFE3E500C86FC1 /* Preview Assets.xcassets */; };
		C4CB7EB024FFE3E500C86FC1 /* LaunchScreen.storyboard in Resources */ = {isa = PBXBuildFile; fileRef = C4CB7EAE24FFE3E500C86FC1 /* LaunchScreen.storyboard */; };
		C4CB7EB624FFE69000C86FC1 /* Settings.swift in Sources */ = {isa = PBXBuildFile; fileRef = C4CB7EB524FFE69000C86FC1 /* Settings.swift */; };
/* End PBXBuildFile section */

/* Begin PBXFileReference section */
		C41BDDF824FE8F99009D3437 /* Settings.swift */ = {isa = PBXFileReference; lastKnownFileType = sourcecode.swift; path = Settings.swift; sourceTree = "<group>"; };
		C463081E2530EDC700B233AA /* meeting.png */ = {isa = PBXFileReference; lastKnownFileType = image.png; path = meeting.png; sourceTree = "<group>"; };
		C4B3DCBC24F68DC20073DC83 /* Zoom to Class.app */ = {isa = PBXFileReference; explicitFileType = wrapper.application; includeInIndex = 0; path = "Zoom to Class.app"; sourceTree = BUILT_PRODUCTS_DIR; };
		C4B3DCBF24F68DC20073DC83 /* AppDelegate.swift */ = {isa = PBXFileReference; lastKnownFileType = sourcecode.swift; path = AppDelegate.swift; sourceTree = "<group>"; };
		C4B3DCC124F68DC20073DC83 /* ContentView.swift */ = {isa = PBXFileReference; lastKnownFileType = sourcecode.swift; path = ContentView.swift; sourceTree = "<group>"; };
		C4B3DCC324F68DC50073DC83 /* Assets.xcassets */ = {isa = PBXFileReference; lastKnownFileType = folder.assetcatalog; path = Assets.xcassets; sourceTree = "<group>"; };
		C4B3DCC624F68DC50073DC83 /* Preview Assets.xcassets */ = {isa = PBXFileReference; lastKnownFileType = folder.assetcatalog; path = "Preview Assets.xcassets"; sourceTree = "<group>"; };
		C4B3DCC924F68DC50073DC83 /* Base */ = {isa = PBXFileReference; lastKnownFileType = file.storyboard; name = Base; path = Base.lproj/Main.storyboard; sourceTree = "<group>"; };
		C4B3DCCB24F68DC50073DC83 /* Info.plist */ = {isa = PBXFileReference; lastKnownFileType = text.plist.xml; path = Info.plist; sourceTree = "<group>"; };
		C4CB7EA124FFE3E200C86FC1 /* Zoom to Class.app */ = {isa = PBXFileReference; explicitFileType = wrapper.application; includeInIndex = 0; path = "Zoom to Class.app"; sourceTree = BUILT_PRODUCTS_DIR; };
		C4CB7EA324FFE3E200C86FC1 /* AppDelegate.swift */ = {isa = PBXFileReference; lastKnownFileType = sourcecode.swift; path = AppDelegate.swift; sourceTree = "<group>"; };
		C4CB7EA524FFE3E200C86FC1 /* SceneDelegate.swift */ = {isa = PBXFileReference; lastKnownFileType = sourcecode.swift; path = SceneDelegate.swift; sourceTree = "<group>"; };
		C4CB7EA724FFE3E200C86FC1 /* ContentView.swift */ = {isa = PBXFileReference; lastKnownFileType = sourcecode.swift; path = ContentView.swift; sourceTree = "<group>"; };
		C4CB7EA924FFE3E500C86FC1 /* Assets.xcassets */ = {isa = PBXFileReference; lastKnownFileType = folder.assetcatalog; path = Assets.xcassets; sourceTree = "<group>"; };
		C4CB7EAC24FFE3E500C86FC1 /* Preview Assets.xcassets */ = {isa = PBXFileReference; lastKnownFileType = folder.assetcatalog; path = "Preview Assets.xcassets"; sourceTree = "<group>"; };
		C4CB7EAF24FFE3E500C86FC1 /* Base */ = {isa = PBXFileReference; lastKnownFileType = file.storyboard; name = Base; path = Base.lproj/LaunchScreen.storyboard; sourceTree = "<group>"; };
		C4CB7EB124FFE3E500C86FC1 /* Info.plist */ = {isa = PBXFileReference; lastKnownFileType = text.plist.xml; path = Info.plist; sourceTree = "<group>"; };
		C4CB7EB524FFE69000C86FC1 /* Settings.swift */ = {isa = PBXFileReference; lastKnownFileType = sourcecode.swift; path = Settings.swift; sourceTree = "<group>"; };
/* End PBXFileReference section */

/* Begin PBXFrameworksBuildPhase section */
		C4B3DCB924F68DC10073DC83 /* Frameworks */ = {
			isa = PBXFrameworksBuildPhase;
			buildActionMask = 2147483647;
			files = (
			);
			runOnlyForDeploymentPostprocessing = 0;
		};
		C4CB7E9E24FFE3E200C86FC1 /* Frameworks */ = {
			isa = PBXFrameworksBuildPhase;
			buildActionMask = 2147483647;
			files = (
			);
			runOnlyForDeploymentPostprocessing = 0;
		};
/* End PBXFrameworksBuildPhase section */

/* Begin PBXGroup section */
		C4B3DCB324F68DC10073DC83 = {
			isa = PBXGroup;
			children = (
				C4B3DCBE24F68DC20073DC83 /* Open Class - Mac */,
				C4CB7EA224FFE3E200C86FC1 /* Open Class - iOS */,
				C4B3DCBD24F68DC20073DC83 /* Products */,
			);
			sourceTree = "<group>";
		};
		C4B3DCBD24F68DC20073DC83 /* Products */ = {
			isa = PBXGroup;
			children = (
				C4B3DCBC24F68DC20073DC83 /* Zoom to Class.app */,
				C4CB7EA124FFE3E200C86FC1 /* Zoom to Class.app */,
			);
			name = Products;
			sourceTree = "<group>";
		};
		C4B3DCBE24F68DC20073DC83 /* Open Class - Mac */ = {
			isa = PBXGroup;
			children = (
				C4B3DCBF24F68DC20073DC83 /* AppDelegate.swift */,
				C4B3DCC124F68DC20073DC83 /* ContentView.swift */,
				C41BDDF824FE8F99009D3437 /* Settings.swift */,
				C4B3DCC324F68DC50073DC83 /* Assets.xcassets */,
				C4B3DCC824F68DC50073DC83 /* Main.storyboard */,
				C4B3DCCB24F68DC50073DC83 /* Info.plist */,
				C4B3DCC524F68DC50073DC83 /* Preview Content */,
			);
			path = "Open Class - Mac";
			sourceTree = "<group>";
		};
		C4B3DCC524F68DC50073DC83 /* Preview Content */ = {
			isa = PBXGroup;
			children = (
				C4B3DCC624F68DC50073DC83 /* Preview Assets.xcassets */,
			);
			path = "Preview Content";
			sourceTree = "<group>";
		};
		C4CB7EA224FFE3E200C86FC1 /* Open Class - iOS */ = {
			isa = PBXGroup;
			children = (
				C4CB7EA324FFE3E200C86FC1 /* AppDelegate.swift */,
				C4CB7EA524FFE3E200C86FC1 /* SceneDelegate.swift */,
				C4CB7EA724FFE3E200C86FC1 /* ContentView.swift */,
				C4CB7EB524FFE69000C86FC1 /* Settings.swift */,
				C4CB7EA924FFE3E500C86FC1 /* Assets.xcassets */,
				C4CB7EAE24FFE3E500C86FC1 /* LaunchScreen.storyboard */,
				C4CB7EB124FFE3E500C86FC1 /* Info.plist */,
				C463081E2530EDC700B233AA /* meeting.png */,
				C4CB7EAB24FFE3E500C86FC1 /* Preview Content */,
			);
			path = "Open Class - iOS";
			sourceTree = "<group>";
		};
		C4CB7EAB24FFE3E500C86FC1 /* Preview Content */ = {
			isa = PBXGroup;
			children = (
				C4CB7EAC24FFE3E500C86FC1 /* Preview Assets.xcassets */,
			);
			path = "Preview Content";
			sourceTree = "<group>";
		};
/* End PBXGroup section */

/* Begin PBXNativeTarget section */
		C4B3DCBB24F68DC10073DC83 /* Open Class - Mac */ = {
			isa = PBXNativeTarget;
			buildConfigurationList = C4B3DCCF24F68DC50073DC83 /* Build configuration list for PBXNativeTarget "Open Class - Mac" */;
			buildPhases = (
				C4B3DCB824F68DC10073DC83 /* Sources */,
				C4B3DCB924F68DC10073DC83 /* Frameworks */,
				C4B3DCBA24F68DC10073DC83 /* Resources */,
			);
			buildRules = (
			);
			dependencies = (
			);
			name = "Open Class - Mac";
			productName = "Open Class";
			productReference = C4B3DCBC24F68DC20073DC83 /* Zoom to Class.app */;
			productType = "com.apple.product-type.application";
		};
		C4CB7EA024FFE3E200C86FC1 /* Open Class - iOS */ = {
			isa = PBXNativeTarget;
			buildConfigurationList = C4CB7EB224FFE3E500C86FC1 /* Build configuration list for PBXNativeTarget "Open Class - iOS" */;
			buildPhases = (
				C4CB7E9D24FFE3E200C86FC1 /* Sources */,
				C4CB7E9E24FFE3E200C86FC1 /* Frameworks */,
				C4CB7E9F24FFE3E200C86FC1 /* Resources */,
			);
			buildRules = (
			);
			dependencies = (
			);
			name = "Open Class - iOS";
			productName = "Open Class - iOS";
			productReference = C4CB7EA124FFE3E200C86FC1 /* Zoom to Class.app */;
			productType = "com.apple.product-type.application";
		};
/* End PBXNativeTarget section */

/* Begin PBXProject section */
		C4B3DCB424F68DC10073DC83 /* Project object */ = {
			isa = PBXProject;
			attributes = {
				LastSwiftUpdateCheck = 1160;
				LastUpgradeCheck = 1160;
				ORGANIZATIONNAME = "Sam Prausnitz-Weinbaum";
				TargetAttributes = {
					C4B3DCBB24F68DC10073DC83 = {
						CreatedOnToolsVersion = 11.6;
					};
					C4CB7EA024FFE3E200C86FC1 = {
						CreatedOnToolsVersion = 11.6;
					};
				};
			};
			buildConfigurationList = C4B3DCB724F68DC10073DC83 /* Build configuration list for PBXProject "Open Class" */;
			compatibilityVersion = "Xcode 9.3";
			developmentRegion = en;
			hasScannedForEncodings = 0;
			knownRegions = (
				en,
				Base,
			);
			mainGroup = C4B3DCB324F68DC10073DC83;
			productRefGroup = C4B3DCBD24F68DC20073DC83 /* Products */;
			projectDirPath = "";
			projectRoot = "";
			targets = (
				C4B3DCBB24F68DC10073DC83 /* Open Class - Mac */,
				C4CB7EA024FFE3E200C86FC1 /* Open Class - iOS */,
			);
		};
/* End PBXProject section */

/* Begin PBXResourcesBuildPhase section */
		C4B3DCBA24F68DC10073DC83 /* Resources */ = {
			isa = PBXResourcesBuildPhase;
			buildActionMask = 2147483647;
			files = (
				C4B3DCCA24F68DC50073DC83 /* Main.storyboard in Resources */,
				C4B3DCC724F68DC50073DC83 /* Preview Assets.xcassets in Resources */,
				C4B3DCC424F68DC50073DC83 /* Assets.xcassets in Resources */,
			);
			runOnlyForDeploymentPostprocessing = 0;
		};
		C4CB7E9F24FFE3E200C86FC1 /* Resources */ = {
			isa = PBXResourcesBuildPhase;
			buildActionMask = 2147483647;
			files = (
				C4CB7EB024FFE3E500C86FC1 /* LaunchScreen.storyboard in Resources */,
				C4CB7EAD24FFE3E500C86FC1 /* Preview Assets.xcassets in Resources */,
				C4CB7EAA24FFE3E500C86FC1 /* Assets.xcassets in Resources */,
				C463081F2530EDC700B233AA /* meeting.png in Resources */,
			);
			runOnlyForDeploymentPostprocessing = 0;
		};
/* End PBXResourcesBuildPhase section */

/* Begin PBXSourcesBuildPhase section */
		C4B3DCB824F68DC10073DC83 /* Sources */ = {
			isa = PBXSourcesBuildPhase;
			buildActionMask = 2147483647;
			files = (
				C41BDDF924FE8F99009D3437 /* Settings.swift in Sources */,
				C4B3DCC224F68DC20073DC83 /* ContentView.swift in Sources */,
				C4B3DCC024F68DC20073DC83 /* AppDelegate.swift in Sources */,
			);
			runOnlyForDeploymentPostprocessing = 0;
		};
		C4CB7E9D24FFE3E200C86FC1 /* Sources */ = {
			isa = PBXSourcesBuildPhase;
			buildActionMask = 2147483647;
			files = (
				C4CB7EA424FFE3E200C86FC1 /* AppDelegate.swift in Sources */,
				C4CB7EA624FFE3E200C86FC1 /* SceneDelegate.swift in Sources */,
				C4CB7EB624FFE69000C86FC1 /* Settings.swift in Sources */,
				C4CB7EA824FFE3E200C86FC1 /* ContentView.swift in Sources */,
			);
			runOnlyForDeploymentPostprocessing = 0;
		};
/* End PBXSourcesBuildPhase section */

/* Begin PBXVariantGroup section */
		C4B3DCC824F68DC50073DC83 /* Main.storyboard */ = {
			isa = PBXVariantGroup;
			children = (
				C4B3DCC924F68DC50073DC83 /* Base */,
			);
			name = Main.storyboard;
			sourceTree = "<group>";
		};
		C4CB7EAE24FFE3E500C86FC1 /* LaunchScreen.storyboard */ = {
			isa = PBXVariantGroup;
			children = (
				C4CB7EAF24FFE3E500C86FC1 /* Base */,
			);
			name = LaunchScreen.storyboard;
			sourceTree = "<group>";
		};
/* End PBXVariantGroup section */

/* Begin XCBuildConfiguration section */
		C4B3DCCD24F68DC50073DC83 /* Debug */ = {
			isa = XCBuildConfiguration;
			buildSettings = {
				ALWAYS_SEARCH_USER_PATHS = NO;
				CLANG_ANALYZER_NONNULL = YES;
				CLANG_ANALYZER_NUMBER_OBJECT_CONVERSION = YES_AGGRESSIVE;
				CLANG_CXX_LANGUAGE_STANDARD = "gnu++14";
				CLANG_CXX_LIBRARY = "libc++";
				CLANG_ENABLE_MODULES = YES;
				CLANG_ENABLE_OBJC_ARC = YES;
				CLANG_ENABLE_OBJC_WEAK = YES;
				CLANG_WARN_BLOCK_CAPTURE_AUTORELEASING = YES;
				CLANG_WARN_BOOL_CONVERSION = YES;
				CLANG_WARN_COMMA = YES;
				CLANG_WARN_CONSTANT_CONVERSION = YES;
				CLANG_WARN_DEPRECATED_OBJC_IMPLEMENTATIONS = YES;
				CLANG_WARN_DIRECT_OBJC_ISA_USAGE = YES_ERROR;
				CLANG_WARN_DOCUMENTATION_COMMENTS = YES;
				CLANG_WARN_EMPTY_BODY = YES;
				CLANG_WARN_ENUM_CONVERSION = YES;
				CLANG_WARN_INFINITE_RECURSION = YES;
				CLANG_WARN_INT_CONVERSION = YES;
				CLANG_WARN_NON_LITERAL_NULL_CONVERSION = YES;
				CLANG_WARN_OBJC_IMPLICIT_RETAIN_SELF = YES;
				CLANG_WARN_OBJC_LITERAL_CONVERSION = YES;
				CLANG_WARN_OBJC_ROOT_CLASS = YES_ERROR;
				CLANG_WARN_RANGE_LOOP_ANALYSIS = YES;
				CLANG_WARN_STRICT_PROTOTYPES = YES;
				CLANG_WARN_SUSPICIOUS_MOVE = YES;
				CLANG_WARN_UNGUARDED_AVAILABILITY = YES_AGGRESSIVE;
				CLANG_WARN_UNREACHABLE_CODE = YES;
				CLANG_WARN__DUPLICATE_METHOD_MATCH = YES;
				COPY_PHASE_STRIP = NO;
				DEBUG_INFORMATION_FORMAT = dwarf;
				ENABLE_STRICT_OBJC_MSGSEND = YES;
				ENABLE_TESTABILITY = YES;
				GCC_C_LANGUAGE_STANDARD = gnu11;
				GCC_DYNAMIC_NO_PIC = NO;
				GCC_NO_COMMON_BLOCKS = YES;
				GCC_OPTIMIZATION_LEVEL = 0;
				GCC_PREPROCESSOR_DEFINITIONS = (
					"DEBUG=1",
					"$(inherited)",
				);
				GCC_WARN_64_TO_32_BIT_CONVERSION = YES;
				GCC_WARN_ABOUT_RETURN_TYPE = YES_ERROR;
				GCC_WARN_UNDECLARED_SELECTOR = YES;
				GCC_WARN_UNINITIALIZED_AUTOS = YES_AGGRESSIVE;
				GCC_WARN_UNUSED_FUNCTION = YES;
				GCC_WARN_UNUSED_VARIABLE = YES;
				MACOSX_DEPLOYMENT_TARGET = 10.15;
				MTL_ENABLE_DEBUG_INFO = INCLUDE_SOURCE;
				MTL_FAST_MATH = YES;
				ONLY_ACTIVE_ARCH = YES;
				SDKROOT = macosx;
				SWIFT_ACTIVE_COMPILATION_CONDITIONS = DEBUG;
				SWIFT_OPTIMIZATION_LEVEL = "-Onone";
			};
			name = Debug;
		};
		C4B3DCCE24F68DC50073DC83 /* Release */ = {
			isa = XCBuildConfiguration;
			buildSettings = {
				ALWAYS_SEARCH_USER_PATHS = NO;
				CLANG_ANALYZER_NONNULL = YES;
				CLANG_ANALYZER_NUMBER_OBJECT_CONVERSION = YES_AGGRESSIVE;
				CLANG_CXX_LANGUAGE_STANDARD = "gnu++14";
				CLANG_CXX_LIBRARY = "libc++";
				CLANG_ENABLE_MODULES = YES;
				CLANG_ENABLE_OBJC_ARC = YES;
				CLANG_ENABLE_OBJC_WEAK = YES;
				CLANG_WARN_BLOCK_CAPTURE_AUTORELEASING = YES;
				CLANG_WARN_BOOL_CONVERSION = YES;
				CLANG_WARN_COMMA = YES;
				CLANG_WARN_CONSTANT_CONVERSION = YES;
				CLANG_WARN_DEPRECATED_OBJC_IMPLEMENTATIONS = YES;
				CLANG_WARN_DIRECT_OBJC_ISA_USAGE = YES_ERROR;
				CLANG_WARN_DOCUMENTATION_COMMENTS = YES;
				CLANG_WARN_EMPTY_BODY = YES;
				CLANG_WARN_ENUM_CONVERSION = YES;
				CLANG_WARN_INFINITE_RECURSION = YES;
				CLANG_WARN_INT_CONVERSION = YES;
				CLANG_WARN_NON_LITERAL_NULL_CONVERSION = YES;
				CLANG_WARN_OBJC_IMPLICIT_RETAIN_SELF = YES;
				CLANG_WARN_OBJC_LITERAL_CONVERSION = YES;
				CLANG_WARN_OBJC_ROOT_CLASS = YES_ERROR;
				CLANG_WARN_RANGE_LOOP_ANALYSIS = YES;
				CLANG_WARN_STRICT_PROTOTYPES = YES;
				CLANG_WARN_SUSPICIOUS_MOVE = YES;
				CLANG_WARN_UNGUARDED_AVAILABILITY = YES_AGGRESSIVE;
				CLANG_WARN_UNREACHABLE_CODE = YES;
				CLANG_WARN__DUPLICATE_METHOD_MATCH = YES;
				COPY_PHASE_STRIP = NO;
				DEBUG_INFORMATION_FORMAT = "dwarf-with-dsym";
				ENABLE_NS_ASSERTIONS = NO;
				ENABLE_STRICT_OBJC_MSGSEND = YES;
				GCC_C_LANGUAGE_STANDARD = gnu11;
				GCC_NO_COMMON_BLOCKS = YES;
				GCC_WARN_64_TO_32_BIT_CONVERSION = YES;
				GCC_WARN_ABOUT_RETURN_TYPE = YES_ERROR;
				GCC_WARN_UNDECLARED_SELECTOR = YES;
				GCC_WARN_UNINITIALIZED_AUTOS = YES_AGGRESSIVE;
				GCC_WARN_UNUSED_FUNCTION = YES;
				GCC_WARN_UNUSED_VARIABLE = YES;
				MACOSX_DEPLOYMENT_TARGET = 10.15;
				MTL_ENABLE_DEBUG_INFO = NO;
				MTL_FAST_MATH = YES;
				SDKROOT = macosx;
				SWIFT_COMPILATION_MODE = wholemodule;
				SWIFT_OPTIMIZATION_LEVEL = "-O";
			};
			name = Release;
		};
		C4B3DCD024F68DC50073DC83 /* Debug */ = {
			isa = XCBuildConfiguration;
			buildSettings = {
				ASSETCATALOG_COMPILER_APPICON_NAME = AppIcon;
				CODE_SIGN_ENTITLEMENTS = "Open Class - Mac/Open_Class.entitlements";
				CODE_SIGN_STYLE = Automatic;
				COMBINE_HIDPI_IMAGES = YES;
				CURRENT_PROJECT_VERSION = 6;
				DEVELOPMENT_ASSET_PATHS = "\"Open Class - Mac/Preview Content\"";
				DEVELOPMENT_TEAM = 93VRS9H83W;
				ENABLE_HARDENED_RUNTIME = YES;
				ENABLE_PREVIEWS = YES;
				INFOPLIST_FILE = "$(SRCROOT)/Open Class - Mac/Info.plist";
				LD_RUNPATH_SEARCH_PATHS = (
					"$(inherited)",
					"@executable_path/../Frameworks",
				);
				MACOSX_DEPLOYMENT_TARGET = 10.15;
				MARKETING_VERSION = 3.0;
				PRODUCT_BUNDLE_IDENTIFIER = com.sampw.openclass;
				PRODUCT_NAME = "Zoom to Class";
				SWIFT_VERSION = 5.0;
			};
			name = Debug;
		};
		C4B3DCD124F68DC50073DC83 /* Release */ = {
			isa = XCBuildConfiguration;
			buildSettings = {
				ASSETCATALOG_COMPILER_APPICON_NAME = AppIcon;
				CODE_SIGN_ENTITLEMENTS = "Open Class - Mac/Open_Class.entitlements";
				CODE_SIGN_STYLE = Automatic;
				COMBINE_HIDPI_IMAGES = YES;
				CURRENT_PROJECT_VERSION = 6;
				DEVELOPMENT_ASSET_PATHS = "\"Open Class - Mac/Preview Content\"";
				DEVELOPMENT_TEAM = 93VRS9H83W;
				ENABLE_HARDENED_RUNTIME = YES;
				ENABLE_PREVIEWS = YES;
				INFOPLIST_FILE = "$(SRCROOT)/Open Class - Mac/Info.plist";
				LD_RUNPATH_SEARCH_PATHS = (
					"$(inherited)",
					"@executable_path/../Frameworks",
				);
				MACOSX_DEPLOYMENT_TARGET = 10.15;
				MARKETING_VERSION = 3.0;
				PRODUCT_BUNDLE_IDENTIFIER = com.sampw.openclass;
				PRODUCT_NAME = "Zoom to Class";
				SWIFT_VERSION = 5.0;
			};
			name = Release;
		};
		C4CB7EB324FFE3E500C86FC1 /* Debug */ = {
			isa = XCBuildConfiguration;
			buildSettings = {
				ASSETCATALOG_COMPILER_APPICON_NAME = AppIcon;
				CODE_SIGN_STYLE = Automatic;
				CURRENT_PROJECT_VERSION = 6;
				DEVELOPMENT_ASSET_PATHS = "\"Open Class - iOS/Preview Content\"";
				DEVELOPMENT_TEAM = 93VRS9H83W;
				ENABLE_PREVIEWS = YES;
				INFOPLIST_FILE = "Open Class - iOS/Info.plist";
				IPHONEOS_DEPLOYMENT_TARGET = 13.6;
				LD_RUNPATH_SEARCH_PATHS = (
					"$(inherited)",
					"@executable_path/Frameworks",
				);
				MARKETING_VERSION = 3.0;
				PRODUCT_BUNDLE_IDENTIFIER = com.sampw.openclass;
				PRODUCT_NAME = "Zoom to Class";
				SDKROOT = iphoneos;
				SWIFT_VERSION = 5.0;
				TARGETED_DEVICE_FAMILY = "1,2";
			};
			name = Debug;
		};
		C4CB7EB424FFE3E500C86FC1 /* Release */ = {
			isa = XCBuildConfiguration;
			buildSettings = {
				ASSETCATALOG_COMPILER_APPICON_NAME = AppIcon;
				CODE_SIGN_STYLE = Automatic;
				CURRENT_PROJECT_VERSION = 6;
				DEVELOPMENT_ASSET_PATHS = "\"Open Class - iOS/Preview Content\"";
				DEVELOPMENT_TEAM = 93VRS9H83W;
				ENABLE_PREVIEWS = YES;
				INFOPLIST_FILE = "Open Class - iOS/Info.plist";
				IPHONEOS_DEPLOYMENT_TARGET = 13.6;
				LD_RUNPATH_SEARCH_PATHS = (
					"$(inherited)",
					"@executable_path/Frameworks",
				);
				MARKETING_VERSION = 3.0;
				PRODUCT_BUNDLE_IDENTIFIER = com.sampw.openclass;
				PRODUCT_NAME = "Zoom to Class";
				SDKROOT = iphoneos;
				SWIFT_VERSION = 5.0;
				TARGETED_DEVICE_FAMILY = "1,2";
				VALIDATE_PRODUCT = YES;
			};
			name = Release;
		};
/* End XCBuildConfiguration section */

/* Begin XCConfigurationList section */
		C4B3DCB724F68DC10073DC83 /* Build configuration list for PBXProject "Open Class" */ = {
			isa = XCConfigurationList;
			buildConfigurations = (
				C4B3DCCD24F68DC50073DC83 /* Debug */,
				C4B3DCCE24F68DC50073DC83 /* Release */,
			);
			defaultConfigurationIsVisible = 0;
			defaultConfigurationName = Release;
		};
		C4B3DCCF24F68DC50073DC83 /* Build configuration list for PBXNativeTarget "Open Class - Mac" */ = {
			isa = XCConfigurationList;
			buildConfigurations = (
				C4B3DCD024F68DC50073DC83 /* Debug */,
				C4B3DCD124F68DC50073DC83 /* Release */,
			);
			defaultConfigurationIsVisible = 0;
			defaultConfigurationName = Release;
		};
		C4CB7EB224FFE3E500C86FC1 /* Build configuration list for PBXNativeTarget "Open Class - iOS" */ = {
			isa = XCConfigurationList;
			buildConfigurations = (
				C4CB7EB324FFE3E500C86FC1 /* Debug */,
				C4CB7EB424FFE3E500C86FC1 /* Release */,
			);
			defaultConfigurationIsVisible = 0;
			defaultConfigurationName = Release;
		};
/* End XCConfigurationList section */
	};
	rootObject = C4B3DCB424F68DC10073DC83 /* Project object */;
}
